
Microsoft Visual Studio Solution File, Format Version 12.00
# Visual Studio 2012
Project("{FAE04EC0-301F-11D3-BF4B-00C04F79EFBC}") = "MiNuevaAppIU", "MiNuevaAppIU\MiNuevaAppIU.csproj", "{5D0A2B3C-1B47-4B6F-B85B-0DF90F286386}"
EndProject
Global
	GlobalSection(SolutionConfigurationPlatforms) = preSolution
		Debug|x86 = Debug|x86
		Release|x86 = Release|x86
	EndGlobalSection
	GlobalSection(ProjectConfigurationPlatforms) = postSolution
		{5D0A2B3C-1B47-4B6F-B85B-0DF90F286386}.Debug|x86.ActiveCfg = Debug|x86
		{5D0A2B3C-1B47-4B6F-B85B-0DF90F286386}.Debug|x86.Build.0 = Debug|x86
		{5D0A2B3C-1B47-4B6F-B85B-0DF90F286386}.Release|x86.ActiveCfg = Release|x86
		{5D0A2B3C-1B47-4B6F-B85B-0DF90F286386}.Release|x86.Build.0 = Release|x86
	EndGlobalSection
EndGlobal
